
Microsoft Visual Studio Solution File, Format Version 12.00
# Visual Studio 2012
Project("{FAE04EC0-301F-11D3-BF4B-00C04F79EFBC}") = "01.Read3Int", "01.Read3Int\01.Read3Int.csproj", "{92F36AE1-CE02-4F11-9B75-406938E837D3}"
EndProject
Project("{FAE04EC0-301F-11D3-BF4B-00C04F79EFBC}") = "02.ReadRadiusCircle", "02.ReadRadiusCircle\02.ReadRadiusCircle.csproj", "{B7BD5431-F164-4A33-9E2A-B31EE5C4843B}"
EndProject
Project("{FAE04EC0-301F-11D3-BF4B-00C04F79EFBC}") = "03.CompanyData", "03.CompanyData\03.CompanyData.csproj", "{EA17B230-8334-48B2-AC46-60EDB9878AFD}"
EndProject
Project("{FAE04EC0-301F-11D3-BF4B-00C04F79EFBC}") = "04.NumbersBetween2Int", "04.NumbersBetween2Int\04.NumbersBetween2Int.csproj", "{83554266-D980-45E4-A1B9-864BF405DCC8}"
EndProject
Project("{FAE04EC0-301F-11D3-BF4B-00C04F79EFBC}") = "05.PrintMaxOf2", "05.PrintMaxOf2\05.PrintMaxOf2.csproj", "{B8214692-F688-4917-B7E1-44A0E6CFBC82}"
EndProject
Project("{FAE04EC0-301F-11D3-BF4B-00C04F79EFBC}") = "06.QuadraticEquasion", "06.QuadraticEquasion\06.QuadraticEquasion.csproj", "{B34FBFD5-1736-4C6E-8082-09C767E4CC82}"
EndProject
Project("{FAE04EC0-301F-11D3-BF4B-00C04F79EFBC}") = "07.SumNNumbers", "07.SumNNumbers\07.SumNNumbers.csproj", "{7D2D2F64-FAD4-4EA3-A5EB-0F14C370C90B}"
EndProject
Project("{FAE04EC0-301F-11D3-BF4B-00C04F79EFBC}") = "08.Print1ToN", "08.Print1ToN\08.Print1ToN.csproj", "{6391A956-0574-4A47-871B-8DD5DCC1C2A2}"
EndProject
Project("{FAE04EC0-301F-11D3-BF4B-00C04F79EFBC}") = "09.FibonacciSequence", "09.FibonacciSequence\09.FibonacciSequence.csproj", "{1AB5132D-F119-4EC8-B83E-149DD1B0C23C}"
EndProject
Project("{FAE04EC0-301F-11D3-BF4B-00C04F79EFBC}") = "10.SumOfSequence", "10.SumOfSequence\10.SumOfSequence.csproj", "{C9F0FC70-716E-4CC5-8E90-D4E0432EC2CA}"
EndProject
Global
	GlobalSection(SolutionConfigurationPlatforms) = preSolution
		Debug|Any CPU = Debug|Any CPU
		Release|Any CPU = Release|Any CPU
	EndGlobalSection
	GlobalSection(ProjectConfigurationPlatforms) = postSolution
		{92F36AE1-CE02-4F11-9B75-406938E837D3}.Debug|Any CPU.ActiveCfg = Debug|Any CPU
		{92F36AE1-CE02-4F11-9B75-406938E837D3}.Debug|Any CPU.Build.0 = Debug|Any CPU
		{92F36AE1-CE02-4F11-9B75-406938E837D3}.Release|Any CPU.ActiveCfg = Release|Any CPU
		{92F36AE1-CE02-4F11-9B75-406938E837D3}.Release|Any CPU.Build.0 = Release|Any CPU
		{B7BD5431-F164-4A33-9E2A-B31EE5C4843B}.Debug|Any CPU.ActiveCfg = Debug|Any CPU
		{B7BD5431-F164-4A33-9E2A-B31EE5C4843B}.Debug|Any CPU.Build.0 = Debug|Any CPU
		{B7BD5431-F164-4A33-9E2A-B31EE5C4843B}.Release|Any CPU.ActiveCfg = Release|Any CPU
		{B7BD5431-F164-4A33-9E2A-B31EE5C4843B}.Release|Any CPU.Build.0 = Release|Any CPU
		{EA17B230-8334-48B2-AC46-60EDB9878AFD}.Debug|Any CPU.ActiveCfg = Debug|Any CPU
		{EA17B230-8334-48B2-AC46-60EDB9878AFD}.Debug|Any CPU.Build.0 = Debug|Any CPU
		{EA17B230-8334-48B2-AC46-60EDB9878AFD}.Release|Any CPU.ActiveCfg = Release|Any CPU
		{EA17B230-8334-48B2-AC46-60EDB9878AFD}.Release|Any CPU.Build.0 = Release|Any CPU
		{83554266-D980-45E4-A1B9-864BF405DCC8}.Debug|Any CPU.ActiveCfg = Debug|Any CPU
		{83554266-D980-45E4-A1B9-864BF405DCC8}.Debug|Any CPU.Build.0 = Debug|Any CPU
		{83554266-D980-45E4-A1B9-864BF405DCC8}.Release|Any CPU.ActiveCfg = Release|Any CPU
		{83554266-D980-45E4-A1B9-864BF405DCC8}.Release|Any CPU.Build.0 = Release|Any CPU
		{B8214692-F688-4917-B7E1-44A0E6CFBC82}.Debug|Any CPU.ActiveCfg = Debug|Any CPU
		{B8214692-F688-4917-B7E1-44A0E6CFBC82}.Debug|Any CPU.Build.0 = Debug|Any CPU
		{B8214692-F688-4917-B7E1-44A0E6CFBC82}.Release|Any CPU.ActiveCfg = Release|Any CPU
		{B8214692-F688-4917-B7E1-44A0E6CFBC82}.Release|Any CPU.Build.0 = Release|Any CPU
		{B34FBFD5-1736-4C6E-8082-09C767E4CC82}.Debug|Any CPU.ActiveCfg = Debug|Any CPU
		{B34FBFD5-1736-4C6E-8082-09C767E4CC82}.Debug|Any CPU.Build.0 = Debug|Any CPU
		{B34FBFD5-1736-4C6E-8082-09C767E4CC82}.Release|Any CPU.ActiveCfg = Release|Any CPU
		{B34FBFD5-1736-4C6E-8082-09C767E4CC82}.Release|Any CPU.Build.0 = Release|Any CPU
		{7D2D2F64-FAD4-4EA3-A5EB-0F14C370C90B}.Debug|Any CPU.ActiveCfg = Debug|Any CPU
		{7D2D2F64-FAD4-4EA3-A5EB-0F14C370C90B}.Debug|Any CPU.Build.0 = Debug|Any CPU
		{7D2D2F64-FAD4-4EA3-A5EB-0F14C370C90B}.Release|Any CPU.ActiveCfg = Release|Any CPU
		{7D2D2F64-FAD4-4EA3-A5EB-0F14C370C90B}.Release|Any CPU.Build.0 = Release|Any CPU
		{6391A956-0574-4A47-871B-8DD5DCC1C2A2}.Debug|Any CPU.ActiveCfg = Debug|Any CPU
		{6391A956-0574-4A47-871B-8DD5DCC1C2A2}.Debug|Any CPU.Build.0 = Debug|Any CPU
		{6391A956-0574-4A47-871B-8DD5DCC1C2A2}.Release|Any CPU.ActiveCfg = Release|Any CPU
		{6391A956-0574-4A47-871B-8DD5DCC1C2A2}.Release|Any CPU.Build.0 = Release|Any CPU
		{1AB5132D-F119-4EC8-B83E-149DD1B0C23C}.Debug|Any CPU.ActiveCfg = Debug|Any CPU
		{1AB5132D-F119-4EC8-B83E-149DD1B0C23C}.Debug|Any CPU.Build.0 = Debug|Any CPU
		{1AB5132D-F119-4EC8-B83E-149DD1B0C23C}.Release|Any CPU.ActiveCfg = Release|Any CPU
		{1AB5132D-F119-4EC8-B83E-149DD1B0C23C}.Release|Any CPU.Build.0 = Release|Any CPU
		{C9F0FC70-716E-4CC5-8E90-D4E0432EC2CA}.Debug|Any CPU.ActiveCfg = Debug|Any CPU
		{C9F0FC70-716E-4CC5-8E90-D4E0432EC2CA}.Debug|Any CPU.Build.0 = Debug|Any CPU
		{C9F0FC70-716E-4CC5-8E90-D4E0432EC2CA}.Release|Any CPU.ActiveCfg = Release|Any CPU
		{C9F0FC70-716E-4CC5-8E90-D4E0432EC2CA}.Release|Any CPU.Build.0 = Release|Any CPU
	EndGlobalSection
	GlobalSection(SolutionProperties) = preSolution
		HideSolutionNode = FALSE
	EndGlobalSection
EndGlobal
